// !$*UTF8*$!
{
	archiveVersion = 1;
	classes = {
	};
	objectVersion = 50;
	objects = {

/* Begin PBXBuildFile section */
		B80650EA24B3FF3500A4F958 /* BGM.wav in Resources */ = {isa = PBXBuildFile; fileRef = B80650E924B3FF3500A4F958 /* BGM.wav */; };
		B80650EC24B4022600A4F958 /* TitleScreenScene.swift in Sources */ = {isa = PBXBuildFile; fileRef = B80650EB24B4022600A4F958 /* TitleScreenScene.swift */; };
		B80650EE24B4023A00A4F958 /* GameOverScreenScene.swift in Sources */ = {isa = PBXBuildFile; fileRef = B80650ED24B4023A00A4F958 /* GameOverScreenScene.swift */; };
		B80650F024B40A5800A4F958 /* SettingsScene.swift in Sources */ = {isa = PBXBuildFile; fileRef = B80650EF24B40A5800A4F958 /* SettingsScene.swift */; };
		B809DB7924B40CAA007F58EF /* TitleScreenScene.sks in Resources */ = {isa = PBXBuildFile; fileRef = B809DB7824B40CAA007F58EF /* TitleScreenScene.sks */; };
		B809DB7B24B40F3D007F58EF /* Constants.swift in Sources */ = {isa = PBXBuildFile; fileRef = B809DB7A24B40F3D007F58EF /* Constants.swift */; };
		B80D3E9527B44A540095D777 /* NonogramCell.swift in Sources */ = {isa = PBXBuildFile; fileRef = B80D3E9427B44A540095D777 /* NonogramCell.swift */; };
		B80D3E9727B454270095D777 /* Puzzle.swift in Sources */ = {isa = PBXBuildFile; fileRef = B80D3E9627B454270095D777 /* Puzzle.swift */; };
		B80D3E9927B454460095D777 /* SolutionGenerator.swift in Sources */ = {isa = PBXBuildFile; fileRef = B80D3E9827B454460095D777 /* SolutionGenerator.swift */; };
		B80D3E9B27B457080095D777 /* Run.swift in Sources */ = {isa = PBXBuildFile; fileRef = B80D3E9A27B457080095D777 /* Run.swift */; };
		B80D3E9D27B46F5F0095D777 /* GameTimer.swift in Sources */ = {isa = PBXBuildFile; fileRef = B80D3E9C27B46F5F0095D777 /* GameTimer.swift */; };
		B80D3E9F27B486220095D777 /* GameOverScreenScene.sks in Resources */ = {isa = PBXBuildFile; fileRef = B80D3E9E27B486210095D777 /* GameOverScreenScene.sks */; };
		B80D3EA427B490960095D777 /* SettingsScene.sks in Resources */ = {isa = PBXBuildFile; fileRef = B80D3EA327B490960095D777 /* SettingsScene.sks */; };
		B80D3EA627B491230095D777 /* PersistedSettings.swift in Sources */ = {isa = PBXBuildFile; fileRef = B80D3EA527B491230095D777 /* PersistedSettings.swift */; };
		B80D3EA727B497420095D777 /* GameScene-LeftHanded.sks in Resources */ = {isa = PBXBuildFile; fileRef = B80D3EA027B4902A0095D777 /* GameScene-LeftHanded.sks */; };
		B80D3EAA27B4D8E60095D777 /* HowToPlayScene.sks in Resources */ = {isa = PBXBuildFile; fileRef = B80D3EA927B4D8E20095D777 /* HowToPlayScene.sks */; };
		B80D3EAC27B4D9010095D777 /* HowToPlayScene.swift in Sources */ = {isa = PBXBuildFile; fileRef = B80D3EAB27B4D9010095D777 /* HowToPlayScene.swift */; };
		B80D3EAE27BB2FC50095D777 /* HapticsManager.swift in Sources */ = {isa = PBXBuildFile; fileRef = B80D3EAD27BB2FC50095D777 /* HapticsManager.swift */; };
		B80D3EB327BB5BAF0095D777 /* Miss.wav in Resources */ = {isa = PBXBuildFile; fileRef = B80D3EAF27BB5BAF0095D777 /* Miss.wav */; };
		B80D3EB427BB5BAF0095D777 /* Complete.wav in Resources */ = {isa = PBXBuildFile; fileRef = B80D3EB027BB5BAF0095D777 /* Complete.wav */; };
		B80D3EB627BB5BAF0095D777 /* Hit.wav in Resources */ = {isa = PBXBuildFile; fileRef = B80D3EB227BB5BAF0095D777 /* Hit.wav */; };
		B80D3EB827BB5CB30095D777 /* AudioManager.swift in Sources */ = {isa = PBXBuildFile; fileRef = B80D3EB727BB5CB30095D777 /* AudioManager.swift */; };
		B80D3EBA27BB71A30095D777 /* Score.wav in Resources */ = {isa = PBXBuildFile; fileRef = B80D3EB927BB71A30095D777 /* Score.wav */; };
		B80D3EBD27BC1FA10095D777 /* CreditsScene.swift in Sources */ = {isa = PBXBuildFile; fileRef = B80D3EBC27BC1FA10095D777 /* CreditsScene.swift */; };
		B80D3EBF27BC1FD30095D777 /* CreditsScene.sks in Resources */ = {isa = PBXBuildFile; fileRef = B80D3EBE27BC1FD30095D777 /* CreditsScene.sks */; };
		B824BACD24AE63AD00FB59DC /* AppDelegate.swift in Sources */ = {isa = PBXBuildFile; fileRef = B824BACC24AE63AD00FB59DC /* AppDelegate.swift */; };
		B824BAD324AE63AD00FB59DC /* GameScene.swift in Sources */ = {isa = PBXBuildFile; fileRef = B824BAD224AE63AD00FB59DC /* GameScene.swift */; };
		B824BAD524AE63AD00FB59DC /* NonogramInfinityViewController.swift in Sources */ = {isa = PBXBuildFile; fileRef = B824BAD424AE63AD00FB59DC /* NonogramInfinityViewController.swift */; };
		B824BAD824AE63AD00FB59DC /* NonogramInfinity.storyboard in Resources */ = {isa = PBXBuildFile; fileRef = B824BAD624AE63AD00FB59DC /* NonogramInfinity.storyboard */; };
		B824BADA24AE63B000FB59DC /* Assets.xcassets in Resources */ = {isa = PBXBuildFile; fileRef = B824BAD924AE63B000FB59DC /* Assets.xcassets */; };
		B824BADD24AE63B000FB59DC /* LaunchScreen.storyboard in Resources */ = {isa = PBXBuildFile; fileRef = B824BADB24AE63B000FB59DC /* LaunchScreen.storyboard */; };
		B842FCE927C42E5B00D54492 /* LeaderboardManager.swift in Sources */ = {isa = PBXBuildFile; fileRef = B842FCE827C42E5B00D54492 /* LeaderboardManager.swift */; };
		B89F69A424B41D2D00472067 /* GameScene-RightHanded.sks in Resources */ = {isa = PBXBuildFile; fileRef = B89F69A324B41D2D00472067 /* GameScene-RightHanded.sks */; };
/* End PBXBuildFile section */

/* Begin PBXFileReference section */
		B80650E924B3FF3500A4F958 /* BGM.wav */ = {isa = PBXFileReference; lastKnownFileType = audio.wav; path = BGM.wav; sourceTree = "<group>"; };
		B80650EB24B4022600A4F958 /* TitleScreenScene.swift */ = {isa = PBXFileReference; lastKnownFileType = sourcecode.swift; path = TitleScreenScene.swift; sourceTree = "<group>"; };
		B80650ED24B4023A00A4F958 /* GameOverScreenScene.swift */ = {isa = PBXFileReference; lastKnownFileType = sourcecode.swift; path = GameOverScreenScene.swift; sourceTree = "<group>"; };
		B80650EF24B40A5800A4F958 /* SettingsScene.swift */ = {isa = PBXFileReference; lastKnownFileType = sourcecode.swift; path = SettingsScene.swift; sourceTree = "<group>"; };
		B809DB7824B40CAA007F58EF /* TitleScreenScene.sks */ = {isa = PBXFileReference; lastKnownFileType = file.sks; path = TitleScreenScene.sks; sourceTree = "<group>"; };
		B809DB7A24B40F3D007F58EF /* Constants.swift */ = {isa = PBXFileReference; lastKnownFileType = sourcecode.swift; path = Constants.swift; sourceTree = "<group>"; };
		B80D3E9427B44A540095D777 /* NonogramCell.swift */ = {isa = PBXFileReference; lastKnownFileType = sourcecode.swift; path = NonogramCell.swift; sourceTree = "<group>"; };
		B80D3E9627B454270095D777 /* Puzzle.swift */ = {isa = PBXFileReference; lastKnownFileType = sourcecode.swift; path = Puzzle.swift; sourceTree = "<group>"; };
		B80D3E9827B454460095D777 /* SolutionGenerator.swift */ = {isa = PBXFileReference; lastKnownFileType = sourcecode.swift; path = SolutionGenerator.swift; sourceTree = "<group>"; };
		B80D3E9A27B457080095D777 /* Run.swift */ = {isa = PBXFileReference; lastKnownFileType = sourcecode.swift; path = Run.swift; sourceTree = "<group>"; };
		B80D3E9C27B46F5F0095D777 /* GameTimer.swift */ = {isa = PBXFileReference; lastKnownFileType = sourcecode.swift; path = GameTimer.swift; sourceTree = "<group>"; };
		B80D3E9E27B486210095D777 /* GameOverScreenScene.sks */ = {isa = PBXFileReference; lastKnownFileType = file.sks; path = GameOverScreenScene.sks; sourceTree = "<group>"; };
		B80D3EA027B4902A0095D777 /* GameScene-LeftHanded.sks */ = {isa = PBXFileReference; lastKnownFileType = file.sks; path = "GameScene-LeftHanded.sks"; sourceTree = "<group>"; };
		B80D3EA327B490960095D777 /* SettingsScene.sks */ = {isa = PBXFileReference; lastKnownFileType = file.sks; path = SettingsScene.sks; sourceTree = "<group>"; };
		B80D3EA527B491230095D777 /* PersistedSettings.swift */ = {isa = PBXFileReference; lastKnownFileType = sourcecode.swift; path = PersistedSettings.swift; sourceTree = "<group>"; };
		B80D3EA927B4D8E20095D777 /* HowToPlayScene.sks */ = {isa = PBXFileReference; lastKnownFileType = file.sks; path = HowToPlayScene.sks; sourceTree = "<group>"; };
		B80D3EAB27B4D9010095D777 /* HowToPlayScene.swift */ = {isa = PBXFileReference; lastKnownFileType = sourcecode.swift; path = HowToPlayScene.swift; sourceTree = "<group>"; };
		B80D3EAD27BB2FC50095D777 /* HapticsManager.swift */ = {isa = PBXFileReference; lastKnownFileType = sourcecode.swift; path = HapticsManager.swift; sourceTree = "<group>"; };
		B80D3EAF27BB5BAF0095D777 /* Miss.wav */ = {isa = PBXFileReference; lastKnownFileType = audio.wav; path = Miss.wav; sourceTree = "<group>"; };
		B80D3EB027BB5BAF0095D777 /* Complete.wav */ = {isa = PBXFileReference; lastKnownFileType = audio.wav; path = Complete.wav; sourceTree = "<group>"; };
		B80D3EB227BB5BAF0095D777 /* Hit.wav */ = {isa = PBXFileReference; lastKnownFileType = audio.wav; path = Hit.wav; sourceTree = "<group>"; };
		B80D3EB727BB5CB30095D777 /* AudioManager.swift */ = {isa = PBXFileReference; lastKnownFileType = sourcecode.swift; path = AudioManager.swift; sourceTree = "<group>"; };
		B80D3EB927BB71A30095D777 /* Score.wav */ = {isa = PBXFileReference; lastKnownFileType = audio.wav; path = Score.wav; sourceTree = "<group>"; };
		B80D3EBC27BC1FA10095D777 /* CreditsScene.swift */ = {isa = PBXFileReference; lastKnownFileType = sourcecode.swift; path = CreditsScene.swift; sourceTree = "<group>"; };
		B80D3EBE27BC1FD30095D777 /* CreditsScene.sks */ = {isa = PBXFileReference; lastKnownFileType = file.sks; path = CreditsScene.sks; sourceTree = "<group>"; };
		B824BAC924AE63AD00FB59DC /* Nonogram ∞.app */ = {isa = PBXFileReference; explicitFileType = wrapper.application; includeInIndex = 0; path = "Nonogram ∞.app"; sourceTree = BUILT_PRODUCTS_DIR; };
		B824BACC24AE63AD00FB59DC /* AppDelegate.swift */ = {isa = PBXFileReference; lastKnownFileType = sourcecode.swift; path = AppDelegate.swift; sourceTree = "<group>"; };
		B824BAD224AE63AD00FB59DC /* GameScene.swift */ = {isa = PBXFileReference; lastKnownFileType = sourcecode.swift; path = GameScene.swift; sourceTree = "<group>"; };
		B824BAD424AE63AD00FB59DC /* NonogramInfinityViewController.swift */ = {isa = PBXFileReference; lastKnownFileType = sourcecode.swift; path = NonogramInfinityViewController.swift; sourceTree = "<group>"; };
		B824BAD724AE63AD00FB59DC /* Base */ = {isa = PBXFileReference; lastKnownFileType = file.storyboard; name = Base; path = Base.lproj/NonogramInfinity.storyboard; sourceTree = "<group>"; };
		B824BAD924AE63B000FB59DC /* Assets.xcassets */ = {isa = PBXFileReference; lastKnownFileType = folder.assetcatalog; path = Assets.xcassets; sourceTree = "<group>"; };
		B824BADC24AE63B000FB59DC /* Base */ = {isa = PBXFileReference; lastKnownFileType = file.storyboard; name = Base; path = Base.lproj/LaunchScreen.storyboard; sourceTree = "<group>"; };
		B824BADE24AE63B000FB59DC /* Info.plist */ = {isa = PBXFileReference; lastKnownFileType = text.plist.xml; path = Info.plist; sourceTree = "<group>"; };
		B842FCE827C42E5B00D54492 /* LeaderboardManager.swift */ = {isa = PBXFileReference; lastKnownFileType = sourcecode.swift; path = LeaderboardManager.swift; sourceTree = "<group>"; };
		B89F69A324B41D2D00472067 /* GameScene-RightHanded.sks */ = {isa = PBXFileReference; lastKnownFileType = file.sks; path = "GameScene-RightHanded.sks"; sourceTree = "<group>"; };
/* End PBXFileReference section */

/* Begin PBXFrameworksBuildPhase section */
		B824BAC624AE63AD00FB59DC /* Frameworks */ = {
			isa = PBXFrameworksBuildPhase;
			buildActionMask = 2147483647;
			files = (
			);
			runOnlyForDeploymentPostprocessing = 0;
		};
/* End PBXFrameworksBuildPhase section */

/* Begin PBXGroup section */
		B80650E824B3FF1D00A4F958 /* Audio */ = {
			isa = PBXGroup;
			children = (
				B80D3EB027BB5BAF0095D777 /* Complete.wav */,
				B80D3EB227BB5BAF0095D777 /* Hit.wav */,
				B80D3EAF27BB5BAF0095D777 /* Miss.wav */,
				B80D3EB927BB71A30095D777 /* Score.wav */,
				B80650E924B3FF3500A4F958 /* BGM.wav */,
			);
			path = Audio;
			sourceTree = "<group>";
		};
		B809DB7424B40C09007F58EF /* GameOver */ = {
			isa = PBXGroup;
			children = (
				B80650ED24B4023A00A4F958 /* GameOverScreenScene.swift */,
				B80D3E9E27B486210095D777 /* GameOverScreenScene.sks */,
			);
			path = GameOver;
			sourceTree = "<group>";
		};
		B809DB7524B40C0E007F58EF /* Game */ = {
			isa = PBXGroup;
			children = (
				B824BAD224AE63AD00FB59DC /* GameScene.swift */,
				B80D3EA027B4902A0095D777 /* GameScene-LeftHanded.sks */,
				B89F69A324B41D2D00472067 /* GameScene-RightHanded.sks */,
			);
			path = Game;
			sourceTree = "<group>";
		};
		B809DB7624B40C12007F58EF /* Settings */ = {
			isa = PBXGroup;
			children = (
				B80650EF24B40A5800A4F958 /* SettingsScene.swift */,
				B80D3EA327B490960095D777 /* SettingsScene.sks */,
			);
			path = Settings;
			sourceTree = "<group>";
		};
		B809DB7724B40C17007F58EF /* TitleScreen */ = {
			isa = PBXGroup;
			children = (
				B80650EB24B4022600A4F958 /* TitleScreenScene.swift */,
				B809DB7824B40CAA007F58EF /* TitleScreenScene.sks */,
			);
			path = TitleScreen;
			sourceTree = "<group>";
		};
		B80D3EA827B4D79E0095D777 /* HowToPlay */ = {
			isa = PBXGroup;
			children = (
				B80D3EA927B4D8E20095D777 /* HowToPlayScene.sks */,
				B80D3EAB27B4D9010095D777 /* HowToPlayScene.swift */,
			);
			path = HowToPlay;
			sourceTree = "<group>";
		};
		B80D3EBB27BC1F850095D777 /* Credits */ = {
			isa = PBXGroup;
			children = (
				B80D3EBC27BC1FA10095D777 /* CreditsScene.swift */,
				B80D3EBE27BC1FD30095D777 /* CreditsScene.sks */,
			);
			path = Credits;
			sourceTree = "<group>";
		};
		B824BAC024AE63AD00FB59DC = {
			isa = PBXGroup;
			children = (
				B824BACB24AE63AD00FB59DC /* Nonogram Infinity */,
				B824BACA24AE63AD00FB59DC /* Products */,
			);
			sourceTree = "<group>";
		};
		B824BACA24AE63AD00FB59DC /* Products */ = {
			isa = PBXGroup;
			children = (
				B824BAC924AE63AD00FB59DC /* Nonogram ∞.app */,
			);
			name = Products;
			sourceTree = "<group>";
		};
		B824BACB24AE63AD00FB59DC /* Nonogram Infinity */ = {
			isa = PBXGroup;
			children = (
				B824BACC24AE63AD00FB59DC /* AppDelegate.swift */,
				B845AC8624AE883900DE204F /* Entitites */,
				B845AC8924AE8A1D00DE204F /* Managers */,
				B845AC8824AE892400DE204F /* Resources */,
				B845AC9024AE920F00DE204F /* Scenes */,
				B845AC8C24AE8EE000DE204F /* Architecture */,
			);
			path = "Nonogram Infinity";
			sourceTree = "<group>";
		};
		B845AC8624AE883900DE204F /* Entitites */ = {
			isa = PBXGroup;
			children = (
				B80D3E9C27B46F5F0095D777 /* GameTimer.swift */,
				B80D3E9427B44A540095D777 /* NonogramCell.swift */,
				B80D3E9627B454270095D777 /* Puzzle.swift */,
				B80D3E9A27B457080095D777 /* Run.swift */,
			);
			path = Entitites;
			sourceTree = "<group>";
		};
		B845AC8824AE892400DE204F /* Resources */ = {
			isa = PBXGroup;
			children = (
				B80650E824B3FF1D00A4F958 /* Audio */,
				B824BADE24AE63B000FB59DC /* Info.plist */,
				B824BAD924AE63B000FB59DC /* Assets.xcassets */,
				B809DB7A24B40F3D007F58EF /* Constants.swift */,
			);
			path = Resources;
			sourceTree = "<group>";
		};
		B845AC8924AE8A1D00DE204F /* Managers */ = {
			isa = PBXGroup;
			children = (
				B80D3EA527B491230095D777 /* PersistedSettings.swift */,
				B80D3E9827B454460095D777 /* SolutionGenerator.swift */,
				B80D3EAD27BB2FC50095D777 /* HapticsManager.swift */,
				B80D3EB727BB5CB30095D777 /* AudioManager.swift */,
				B842FCE827C42E5B00D54492 /* LeaderboardManager.swift */,
			);
			path = Managers;
			sourceTree = "<group>";
		};
		B845AC8C24AE8EE000DE204F /* Architecture */ = {
			isa = PBXGroup;
			children = (
				B824BAD424AE63AD00FB59DC /* NonogramInfinityViewController.swift */,
				B824BADB24AE63B000FB59DC /* LaunchScreen.storyboard */,
				B824BAD624AE63AD00FB59DC /* NonogramInfinity.storyboard */,
			);
			path = Architecture;
			sourceTree = "<group>";
		};
		B845AC9024AE920F00DE204F /* Scenes */ = {
			isa = PBXGroup;
			children = (
				B80D3EBB27BC1F850095D777 /* Credits */,
				B80D3EA827B4D79E0095D777 /* HowToPlay */,
				B809DB7524B40C0E007F58EF /* Game */,
				B809DB7424B40C09007F58EF /* GameOver */,
				B809DB7624B40C12007F58EF /* Settings */,
				B809DB7724B40C17007F58EF /* TitleScreen */,
			);
			path = Scenes;
			sourceTree = "<group>";
		};
/* End PBXGroup section */

/* Begin PBXNativeTarget section */
		B824BAC824AE63AD00FB59DC /* Nonogram Infinity */ = {
			isa = PBXNativeTarget;
			buildConfigurationList = B824BAE124AE63B000FB59DC /* Build configuration list for PBXNativeTarget "Nonogram Infinity" */;
			buildPhases = (
				B824BAC524AE63AD00FB59DC /* Sources */,
				B824BAC624AE63AD00FB59DC /* Frameworks */,
				B824BAC724AE63AD00FB59DC /* Resources */,
			);
			buildRules = (
			);
			dependencies = (
			);
			name = "Nonogram Infinity";
			productName = "Nonogram Infinity";
			productReference = B824BAC924AE63AD00FB59DC /* Nonogram ∞.app */;
			productType = "com.apple.product-type.application";
		};
/* End PBXNativeTarget section */

/* Begin PBXProject section */
		B824BAC124AE63AD00FB59DC /* Project object */ = {
			isa = PBXProject;
			attributes = {
				LastSwiftUpdateCheck = 1150;
				LastUpgradeCheck = 1320;
				ORGANIZATIONNAME = "Bozo Design Labs";
				TargetAttributes = {
					B824BAC824AE63AD00FB59DC = {
						CreatedOnToolsVersion = 11.5;
					};
				};
			};
			buildConfigurationList = B824BAC424AE63AD00FB59DC /* Build configuration list for PBXProject "Nonogram Infinity" */;
			compatibilityVersion = "Xcode 9.3";
			developmentRegion = en;
			hasScannedForEncodings = 0;
			knownRegions = (
				en,
				Base,
			);
			mainGroup = B824BAC024AE63AD00FB59DC;
			productRefGroup = B824BACA24AE63AD00FB59DC /* Products */;
			projectDirPath = "";
			projectRoot = "";
			targets = (
				B824BAC824AE63AD00FB59DC /* Nonogram Infinity */,
			);
		};
/* End PBXProject section */

/* Begin PBXResourcesBuildPhase section */
		B824BAC724AE63AD00FB59DC /* Resources */ = {
			isa = PBXResourcesBuildPhase;
			buildActionMask = 2147483647;
			files = (
				B80D3EB627BB5BAF0095D777 /* Hit.wav in Resources */,
				B80D3E9F27B486220095D777 /* GameOverScreenScene.sks in Resources */,
				B80D3EB427BB5BAF0095D777 /* Complete.wav in Resources */,
				B80D3EAA27B4D8E60095D777 /* HowToPlayScene.sks in Resources */,
				B80650EA24B3FF3500A4F958 /* BGM.wav in Resources */,
				B824BAD824AE63AD00FB59DC /* NonogramInfinity.storyboard in Resources */,
				B80D3EBA27BB71A30095D777 /* Score.wav in Resources */,
				B80D3EB327BB5BAF0095D777 /* Miss.wav in Resources */,
				B809DB7924B40CAA007F58EF /* TitleScreenScene.sks in Resources */,
				B80D3EBF27BC1FD30095D777 /* CreditsScene.sks in Resources */,
				B824BADA24AE63B000FB59DC /* Assets.xcassets in Resources */,
				B89F69A424B41D2D00472067 /* GameScene-RightHanded.sks in Resources */,
				B80D3EA727B497420095D777 /* GameScene-LeftHanded.sks in Resources */,
				B824BADD24AE63B000FB59DC /* LaunchScreen.storyboard in Resources */,
				B80D3EA427B490960095D777 /* SettingsScene.sks in Resources */,
			);
			runOnlyForDeploymentPostprocessing = 0;
		};
/* End PBXResourcesBuildPhase section */

/* Begin PBXSourcesBuildPhase section */
		B824BAC524AE63AD00FB59DC /* Sources */ = {
			isa = PBXSourcesBuildPhase;
			buildActionMask = 2147483647;
			files = (
				B80D3EAC27B4D9010095D777 /* HowToPlayScene.swift in Sources */,
				B80D3E9727B454270095D777 /* Puzzle.swift in Sources */,
				B824BAD324AE63AD00FB59DC /* GameScene.swift in Sources */,
				B80D3EAE27BB2FC50095D777 /* HapticsManager.swift in Sources */,
				B80D3EA627B491230095D777 /* PersistedSettings.swift in Sources */,
				B80650EE24B4023A00A4F958 /* GameOverScreenScene.swift in Sources */,
				B80650EC24B4022600A4F958 /* TitleScreenScene.swift in Sources */,
				B80650F024B40A5800A4F958 /* SettingsScene.swift in Sources */,
				B842FCE927C42E5B00D54492 /* LeaderboardManager.swift in Sources */,
				B80D3E9D27B46F5F0095D777 /* GameTimer.swift in Sources */,
				B80D3EBD27BC1FA10095D777 /* CreditsScene.swift in Sources */,
				B809DB7B24B40F3D007F58EF /* Constants.swift in Sources */,
				B80D3EB827BB5CB30095D777 /* AudioManager.swift in Sources */,
				B80D3E9927B454460095D777 /* SolutionGenerator.swift in Sources */,
				B824BAD524AE63AD00FB59DC /* NonogramInfinityViewController.swift in Sources */,
				B824BACD24AE63AD00FB59DC /* AppDelegate.swift in Sources */,
				B80D3E9B27B457080095D777 /* Run.swift in Sources */,
				B80D3E9527B44A540095D777 /* NonogramCell.swift in Sources */,
			);
			runOnlyForDeploymentPostprocessing = 0;
		};
/* End PBXSourcesBuildPhase section */

/* Begin PBXVariantGroup section */
		B824BAD624AE63AD00FB59DC /* NonogramInfinity.storyboard */ = {
			isa = PBXVariantGroup;
			children = (
				B824BAD724AE63AD00FB59DC /* Base */,
			);
			name = NonogramInfinity.storyboard;
			sourceTree = "<group>";
		};
		B824BADB24AE63B000FB59DC /* LaunchScreen.storyboard */ = {
			isa = PBXVariantGroup;
			children = (
				B824BADC24AE63B000FB59DC /* Base */,
			);
			name = LaunchScreen.storyboard;
			sourceTree = "<group>";
		};
/* End PBXVariantGroup section */

/* Begin XCBuildConfiguration section */
		B824BADF24AE63B000FB59DC /* Debug */ = {
			isa = XCBuildConfiguration;
			buildSettings = {
				ALWAYS_SEARCH_USER_PATHS = NO;
				CLANG_ANALYZER_NONNULL = YES;
				CLANG_ANALYZER_NUMBER_OBJECT_CONVERSION = YES_AGGRESSIVE;
				CLANG_CXX_LANGUAGE_STANDARD = "gnu++14";
				CLANG_CXX_LIBRARY = "libc++";
				CLANG_ENABLE_MODULES = YES;
				CLANG_ENABLE_OBJC_ARC = YES;
				CLANG_ENABLE_OBJC_WEAK = YES;
				CLANG_WARN_BLOCK_CAPTURE_AUTORELEASING = YES;
				CLANG_WARN_BOOL_CONVERSION = YES;
				CLANG_WARN_COMMA = YES;
				CLANG_WARN_CONSTANT_CONVERSION = YES;
				CLANG_WARN_DEPRECATED_OBJC_IMPLEMENTATIONS = YES;
				CLANG_WARN_DIRECT_OBJC_ISA_USAGE = YES_ERROR;
				CLANG_WARN_DOCUMENTATION_COMMENTS = YES;
				CLANG_WARN_EMPTY_BODY = YES;
				CLANG_WARN_ENUM_CONVERSION = YES;
				CLANG_WARN_INFINITE_RECURSION = YES;
				CLANG_WARN_INT_CONVERSION = YES;
				CLANG_WARN_NON_LITERAL_NULL_CONVERSION = YES;
				CLANG_WARN_OBJC_IMPLICIT_RETAIN_SELF = YES;
				CLANG_WARN_OBJC_LITERAL_CONVERSION = YES;
				CLANG_WARN_OBJC_ROOT_CLASS = YES_ERROR;
				CLANG_WARN_QUOTED_INCLUDE_IN_FRAMEWORK_HEADER = YES;
				CLANG_WARN_RANGE_LOOP_ANALYSIS = YES;
				CLANG_WARN_STRICT_PROTOTYPES = YES;
				CLANG_WARN_SUSPICIOUS_MOVE = YES;
				CLANG_WARN_UNGUARDED_AVAILABILITY = YES_AGGRESSIVE;
				CLANG_WARN_UNREACHABLE_CODE = YES;
				CLANG_WARN__DUPLICATE_METHOD_MATCH = YES;
				COPY_PHASE_STRIP = NO;
				DEBUG_INFORMATION_FORMAT = dwarf;
				ENABLE_STRICT_OBJC_MSGSEND = YES;
				ENABLE_TESTABILITY = YES;
				GCC_C_LANGUAGE_STANDARD = gnu11;
				GCC_DYNAMIC_NO_PIC = NO;
				GCC_NO_COMMON_BLOCKS = YES;
				GCC_OPTIMIZATION_LEVEL = 0;
				GCC_PREPROCESSOR_DEFINITIONS = (
					"DEBUG=1",
					"$(inherited)",
				);
				GCC_WARN_64_TO_32_BIT_CONVERSION = YES;
				GCC_WARN_ABOUT_RETURN_TYPE = YES_ERROR;
				GCC_WARN_UNDECLARED_SELECTOR = YES;
				GCC_WARN_UNINITIALIZED_AUTOS = YES_AGGRESSIVE;
				GCC_WARN_UNUSED_FUNCTION = YES;
				GCC_WARN_UNUSED_VARIABLE = YES;
				IPHONEOS_DEPLOYMENT_TARGET = 15.0;
				MTL_ENABLE_DEBUG_INFO = INCLUDE_SOURCE;
				MTL_FAST_MATH = YES;
				ONLY_ACTIVE_ARCH = YES;
				SDKROOT = iphoneos;
				SWIFT_ACTIVE_COMPILATION_CONDITIONS = DEBUG;
				SWIFT_OPTIMIZATION_LEVEL = "-Onone";
			};
			name = Debug;
		};
		B824BAE024AE63B000FB59DC /* Release */ = {
			isa = XCBuildConfiguration;
			buildSettings = {
				ALWAYS_SEARCH_USER_PATHS = NO;
				CLANG_ANALYZER_NONNULL = YES;
				CLANG_ANALYZER_NUMBER_OBJECT_CONVERSION = YES_AGGRESSIVE;
				CLANG_CXX_LANGUAGE_STANDARD = "gnu++14";
				CLANG_CXX_LIBRARY = "libc++";
				CLANG_ENABLE_MODULES = YES;
				CLANG_ENABLE_OBJC_ARC = YES;
				CLANG_ENABLE_OBJC_WEAK = YES;
				CLANG_WARN_BLOCK_CAPTURE_AUTORELEASING = YES;
				CLANG_WARN_BOOL_CONVERSION = YES;
				CLANG_WARN_COMMA = YES;
				CLANG_WARN_CONSTANT_CONVERSION = YES;
				CLANG_WARN_DEPRECATED_OBJC_IMPLEMENTATIONS = YES;
				CLANG_WARN_DIRECT_OBJC_ISA_USAGE = YES_ERROR;
				CLANG_WARN_DOCUMENTATION_COMMENTS = YES;
				CLANG_WARN_EMPTY_BODY = YES;
				CLANG_WARN_ENUM_CONVERSION = YES;
				CLANG_WARN_INFINITE_RECURSION = YES;
				CLANG_WARN_INT_CONVERSION = YES;
				CLANG_WARN_NON_LITERAL_NULL_CONVERSION = YES;
				CLANG_WARN_OBJC_IMPLICIT_RETAIN_SELF = YES;
				CLANG_WARN_OBJC_LITERAL_CONVERSION = YES;
				CLANG_WARN_OBJC_ROOT_CLASS = YES_ERROR;
				CLANG_WARN_QUOTED_INCLUDE_IN_FRAMEWORK_HEADER = YES;
				CLANG_WARN_RANGE_LOOP_ANALYSIS = YES;
				CLANG_WARN_STRICT_PROTOTYPES = YES;
				CLANG_WARN_SUSPICIOUS_MOVE = YES;
				CLANG_WARN_UNGUARDED_AVAILABILITY = YES_AGGRESSIVE;
				CLANG_WARN_UNREACHABLE_CODE = YES;
				CLANG_WARN__DUPLICATE_METHOD_MATCH = YES;
				COPY_PHASE_STRIP = NO;
				DEBUG_INFORMATION_FORMAT = "dwarf-with-dsym";
				ENABLE_NS_ASSERTIONS = NO;
				ENABLE_STRICT_OBJC_MSGSEND = YES;
				GCC_C_LANGUAGE_STANDARD = gnu11;
				GCC_NO_COMMON_BLOCKS = YES;
				GCC_WARN_64_TO_32_BIT_CONVERSION = YES;
				GCC_WARN_ABOUT_RETURN_TYPE = YES_ERROR;
				GCC_WARN_UNDECLARED_SELECTOR = YES;
				GCC_WARN_UNINITIALIZED_AUTOS = YES_AGGRESSIVE;
				GCC_WARN_UNUSED_FUNCTION = YES;
				GCC_WARN_UNUSED_VARIABLE = YES;
				IPHONEOS_DEPLOYMENT_TARGET = 15.0;
				MTL_ENABLE_DEBUG_INFO = NO;
				MTL_FAST_MATH = YES;
				SDKROOT = iphoneos;
				SWIFT_COMPILATION_MODE = wholemodule;
				SWIFT_OPTIMIZATION_LEVEL = "-O";
				VALIDATE_PRODUCT = YES;
			};
			name = Release;
		};
		B824BAE224AE63B000FB59DC /* Debug */ = {
			isa = XCBuildConfiguration;
			buildSettings = {
				ASSETCATALOG_COMPILER_APPICON_NAME = AppIcon;
				CODE_SIGN_STYLE = Automatic;
				CURRENT_PROJECT_VERSION = 8;
				DEVELOPMENT_TEAM = LNM9247SFR;
				INFOPLIST_FILE = "Nonogram Infinity/Resources/Info.plist";
				IPHONEOS_DEPLOYMENT_TARGET = 15.0;
				LD_RUNPATH_SEARCH_PATHS = (
					"$(inherited)",
					"@executable_path/Frameworks",
				);
				PRODUCT_BUNDLE_IDENTIFIER = "com.bdl.Nonogram-Infinity";
				PRODUCT_NAME = "Nonogram ∞";
				SWIFT_VERSION = 5.0;
				TARGETED_DEVICE_FAMILY = 1;
			};
			name = Debug;
		};
		B824BAE324AE63B000FB59DC /* Release */ = {
			isa = XCBuildConfiguration;
			buildSettings = {
				ASSETCATALOG_COMPILER_APPICON_NAME = AppIcon;
				CODE_SIGN_STYLE = Automatic;
				CURRENT_PROJECT_VERSION = 8;
				DEVELOPMENT_TEAM = LNM9247SFR;
				INFOPLIST_FILE = "Nonogram Infinity/Resources/Info.plist";
				IPHONEOS_DEPLOYMENT_TARGET = 15.0;
				LD_RUNPATH_SEARCH_PATHS = (
					"$(inherited)",
					"@executable_path/Frameworks",
				);
				PRODUCT_BUNDLE_IDENTIFIER = "com.bdl.Nonogram-Infinity";
				PRODUCT_NAME = "Nonogram ∞";
				SWIFT_VERSION = 5.0;
				TARGETED_DEVICE_FAMILY = 1;
			};
			name = Release;
		};
/* End XCBuildConfiguration section */

/* Begin XCConfigurationList section */
		B824BAC424AE63AD00FB59DC /* Build configuration list for PBXProject "Nonogram Infinity" */ = {
			isa = XCConfigurationList;
			buildConfigurations = (
				B824BADF24AE63B000FB59DC /* Debug */,
				B824BAE024AE63B000FB59DC /* Release */,
			);
			defaultConfigurationIsVisible = 0;
			defaultConfigurationName = Release;
		};
		B824BAE124AE63B000FB59DC /* Build configuration list for PBXNativeTarget "Nonogram Infinity" */ = {
			isa = XCConfigurationList;
			buildConfigurations = (
				B824BAE224AE63B000FB59DC /* Debug */,
				B824BAE324AE63B000FB59DC /* Release */,
			);
			defaultConfigurationIsVisible = 0;
			defaultConfigurationName = Release;
		};
/* End XCConfigurationList section */
	};
	rootObject = B824BAC124AE63AD00FB59DC /* Project object */;
}
